{
  "name": "@finsweet/attributes-docs",
  "version": "1.7.1",
  "lockfileVersion": 2,
  "requires": true,
  "packages": {
    "": {
      "name": "@finsweet/attributes-docs",
      "version": "1.7.1",
      "dependencies": {
        "marked": "^4.0.15"
      },
      "devDependencies": {
        "@types/marked": "^4.0.3"
      }
    },
    "node_modules/@types/marked": {
      "version": "4.0.3",
      "resolved": "https://registry.npmjs.org/@types/marked/-/marked-4.0.3.tgz",
      "integrity": "sha512-HnMWQkLJEf/PnxZIfbm0yGJRRZYYMhb++O9M36UCTA9z53uPvVoSlAwJr3XOpDEryb7Hwl1qAx/MV6YIW1RXxg==",
      "dev": true
    },
    "node_modules/marked": {
      "version": "4.0.15",
      "resolved": "https://registry.npmjs.org/marked/-/marked-4.0.15.tgz",
      "integrity": "sha512-esX5lPdTfG4p8LDkv+obbRCyOKzB+820ZZyMOXJZygZBHrH9b3xXR64X4kT3sPe9Nx8qQXbmcz6kFSMt4Nfk6Q==",
      "bin": {
        "marked": "bin/marked.js"
      },
      "engines": {
        "node": ">= 12"
      }
    }
  },
  "dependencies": {
    "@types/marked": {
      "version": "4.0.3",
      "resolved": "https://registry.npmjs.org/@types/marked/-/marked-4.0.3.tgz",
      "integrity": "sha512-HnMWQkLJEf/PnxZIfbm0yGJRRZYYMhb++O9M36UCTA9z53uPvVoSlAwJr3XOpDEryb7Hwl1qAx/MV6YIW1RXxg==",
      "dev": true
    },
    "marked": {
      "version": "4.0.15",
      "resolved": "https://registry.npmjs.org/marked/-/marked-4.0.15.tgz",
      "integrity": "sha512-esX5lPdTfG4p8LDkv+obbRCyOKzB+820ZZyMOXJZygZBHrH9b3xXR64X4kT3sPe9Nx8qQXbmcz6kFSMt4Nfk6Q=="
    }
  }
}
