{
  "name": "@finsweet/attributes-richtext",
  "version": "1.4.0",
  "lockfileVersion": 2,
  "requires": true,
  "packages": {
    "": {
      "name": "@finsweet/attributes-richtext",
      "version": "1.4.0",
      "devDependencies": {
        "@types/dompurify": "^2.3.1"
      }
    },
    "node_modules/@types/dompurify": {
      "version": "2.3.1",
      "resolved": "https://registry.npmjs.org/@types/dompurify/-/dompurify-2.3.1.tgz",
      "integrity": "sha512-YJth9qa0V/E6/XPH1Jq4BC8uCMmO8V1fKWn8PCvuZcAhMn7q0ez9LW6naQT04UZzjFfAPhyRMZmI2a2rbMlEFA==",
      "dev": true,
      "dependencies": {
        "@types/trusted-types": "*"
      }
    },
    "node_modules/@types/trusted-types": {
      "version": "2.0.2",
      "resolved": "https://registry.npmjs.org/@types/trusted-types/-/trusted-types-2.0.2.tgz",
      "integrity": "sha512-F5DIZ36YVLE+PN+Zwws4kJogq47hNgX3Nx6WyDJ3kcplxyke3XIzB8uK5n/Lpm1HBsbGzd6nmGehL8cPekP+Tg==",
      "dev": true
    }
  },
  "dependencies": {
    "@types/dompurify": {
      "version": "2.3.1",
      "resolved": "https://registry.npmjs.org/@types/dompurify/-/dompurify-2.3.1.tgz",
      "integrity": "sha512-YJth9qa0V/E6/XPH1Jq4BC8uCMmO8V1fKWn8PCvuZcAhMn7q0ez9LW6naQT04UZzjFfAPhyRMZmI2a2rbMlEFA==",
      "dev": true,
      "requires": {
        "@types/trusted-types": "*"
      }
    },
    "@types/trusted-types": {
      "version": "2.0.2",
      "resolved": "https://registry.npmjs.org/@types/trusted-types/-/trusted-types-2.0.2.tgz",
      "integrity": "sha512-F5DIZ36YVLE+PN+Zwws4kJogq47hNgX3Nx6WyDJ3kcplxyke3XIzB8uK5n/Lpm1HBsbGzd6nmGehL8cPekP+Tg==",
      "dev": true
    }
  }
}
